// !$*UTF8*$!
{
	archiveVersion = 1;
	classes = {
	};
	objectVersion = 46;
	objects = {

/* Begin PBXBuildFile section */
		4DB75F031E0C2CBE00C37E7F /* AppDelegate.swift in Sources */ = {isa = PBXBuildFile; fileRef = 4DB75F021E0C2CBE00C37E7F /* AppDelegate.swift */; };
		4DB75F051E0C2CBE00C37E7F /* ViewController.swift in Sources */ = {isa = PBXBuildFile; fileRef = 4DB75F041E0C2CBE00C37E7F /* ViewController.swift */; };
		4DB75F081E0C2CBE00C37E7F /* Main.storyboard in Resources */ = {isa = PBXBuildFile; fileRef = 4DB75F061E0C2CBE00C37E7F /* Main.storyboard */; };
		4DB75F0A1E0C2CBE00C37E7F /* Assets.xcassets in Resources */ = {isa = PBXBuildFile; fileRef = 4DB75F091E0C2CBE00C37E7F /* Assets.xcassets */; };
		4DB75F0D1E0C2CBE00C37E7F /* LaunchScreen.storyboard in Resources */ = {isa = PBXBuildFile; fileRef = 4DB75F0B1E0C2CBE00C37E7F /* LaunchScreen.storyboard */; };
		4DB75F151E0C2CD500C37E7F /* VPNManager.swift in Sources */ = {isa = PBXBuildFile; fileRef = 4DB75F141E0C2CD500C37E7F /* VPNManager.swift */; };
		4DC48B601E0E575100A9AEA4 /* NetworkExtension.framework in Frameworks */ = {isa = PBXBuildFile; fileRef = 4DC48B5F1E0E575100A9AEA4 /* NetworkExtension.framework */; };
		4DC7B5241E0D0DDF00426BEC /* Observer.swift in Sources */ = {isa = PBXBuildFile; fileRef = 4DC7B5231E0D0DDF00426BEC /* Observer.swift */; };
		4DC7B5261E0D119300426BEC /* KeychainWrapper.swift in Sources */ = {isa = PBXBuildFile; fileRef = 4DC7B5251E0D119300426BEC /* KeychainWrapper.swift */; };
		4DC7B5281E0D128D00426BEC /* ConnectionManager.swift in Sources */ = {isa = PBXBuildFile; fileRef = 4DC7B5271E0D128D00426BEC /* ConnectionManager.swift */; };
		4DC7B52A1E0D139600426BEC /* Credentials.swift in Sources */ = {isa = PBXBuildFile; fileRef = 4DC7B5291E0D139600426BEC /* Credentials.swift */; };
		4DC7B52C1E0D1A6500426BEC /* CustomButton.swift in Sources */ = {isa = PBXBuildFile; fileRef = 4DC7B52B1E0D1A6500426BEC /* CustomButton.swift */; };
/* End PBXBuildFile section */

/* Begin PBXFileReference section */
		4DB75EFF1E0C2CBE00C37E7F /* SimpleVpn.app */ = {isa = PBXFileReference; explicitFileType = wrapper.application; includeInIndex = 0; path = SimpleVpn.app; sourceTree = BUILT_PRODUCTS_DIR; };
		4DB75F021E0C2CBE00C37E7F /* AppDelegate.swift */ = {isa = PBXFileReference; lastKnownFileType = sourcecode.swift; path = AppDelegate.swift; sourceTree = "<group>"; };
		4DB75F041E0C2CBE00C37E7F /* ViewController.swift */ = {isa = PBXFileReference; lastKnownFileType = sourcecode.swift; path = ViewController.swift; sourceTree = "<group>"; };
		4DB75F071E0C2CBE00C37E7F /* Base */ = {isa = PBXFileReference; lastKnownFileType = file.storyboard; name = Base; path = Base.lproj/Main.storyboard; sourceTree = "<group>"; };
		4DB75F091E0C2CBE00C37E7F /* Assets.xcassets */ = {isa = PBXFileReference; lastKnownFileType = folder.assetcatalog; path = Assets.xcassets; sourceTree = "<group>"; };
		4DB75F0C1E0C2CBE00C37E7F /* Base */ = {isa = PBXFileReference; lastKnownFileType = file.storyboard; name = Base; path = Base.lproj/LaunchScreen.storyboard; sourceTree = "<group>"; };
		4DB75F0E1E0C2CBE00C37E7F /* Info.plist */ = {isa = PBXFileReference; lastKnownFileType = text.plist.xml; path = Info.plist; sourceTree = "<group>"; };
		4DB75F141E0C2CD500C37E7F /* VPNManager.swift */ = {isa = PBXFileReference; fileEncoding = 4; lastKnownFileType = sourcecode.swift; path = VPNManager.swift; sourceTree = "<group>"; };
		4DC48B5F1E0E575100A9AEA4 /* NetworkExtension.framework */ = {isa = PBXFileReference; lastKnownFileType = wrapper.framework; name = NetworkExtension.framework; path = System/Library/Frameworks/NetworkExtension.framework; sourceTree = SDKROOT; };
		4DC48B611E0E575200A9AEA4 /* SimpleVpn.entitlements */ = {isa = PBXFileReference; lastKnownFileType = text.plist.entitlements; path = SimpleVpn.entitlements; sourceTree = "<group>"; };
		4DC7B5231E0D0DDF00426BEC /* Observer.swift */ = {isa = PBXFileReference; fileEncoding = 4; lastKnownFileType = sourcecode.swift; path = Observer.swift; sourceTree = "<group>"; };
		4DC7B5251E0D119300426BEC /* KeychainWrapper.swift */ = {isa = PBXFileReference; fileEncoding = 4; lastKnownFileType = sourcecode.swift; path = KeychainWrapper.swift; sourceTree = "<group>"; };
		4DC7B5271E0D128D00426BEC /* ConnectionManager.swift */ = {isa = PBXFileReference; fileEncoding = 4; lastKnownFileType = sourcecode.swift; path = ConnectionManager.swift; sourceTree = "<group>"; };
		4DC7B5291E0D139600426BEC /* Credentials.swift */ = {isa = PBXFileReference; fileEncoding = 4; lastKnownFileType = sourcecode.swift; path = Credentials.swift; sourceTree = "<group>"; };
		4DC7B52B1E0D1A6500426BEC /* CustomButton.swift */ = {isa = PBXFileReference; fileEncoding = 4; lastKnownFileType = sourcecode.swift; path = CustomButton.swift; sourceTree = "<group>"; };
/* End PBXFileReference section */

/* Begin PBXFrameworksBuildPhase section */
		4DB75EFC1E0C2CBE00C37E7F /* Frameworks */ = {
			isa = PBXFrameworksBuildPhase;
			buildActionMask = 2147483647;
			files = (
				4DC48B601E0E575100A9AEA4 /* NetworkExtension.framework in Frameworks */,
			);
			runOnlyForDeploymentPostprocessing = 0;
		};
/* End PBXFrameworksBuildPhase section */

/* Begin PBXGroup section */
		4DB75EF61E0C2CBE00C37E7F = {
			isa = PBXGroup;
			children = (
				4DB75F011E0C2CBE00C37E7F /* SimpleVpn */,
				4DB75F001E0C2CBE00C37E7F /* Products */,
				4DC48B5E1E0E575100A9AEA4 /* Frameworks */,
			);
			sourceTree = "<group>";
		};
		4DB75F001E0C2CBE00C37E7F /* Products */ = {
			isa = PBXGroup;
			children = (
				4DB75EFF1E0C2CBE00C37E7F /* SimpleVpn.app */,
			);
			name = Products;
			sourceTree = "<group>";
		};
		4DB75F011E0C2CBE00C37E7F /* SimpleVpn */ = {
			isa = PBXGroup;
			children = (
				4DC48B611E0E575200A9AEA4 /* SimpleVpn.entitlements */,
				4DC7B52B1E0D1A6500426BEC /* CustomButton.swift */,
				4DC7B5251E0D119300426BEC /* KeychainWrapper.swift */,
				4DB75F021E0C2CBE00C37E7F /* AppDelegate.swift */,
				4DB75F041E0C2CBE00C37E7F /* ViewController.swift */,
				4DB75F061E0C2CBE00C37E7F /* Main.storyboard */,
				4DB75F091E0C2CBE00C37E7F /* Assets.xcassets */,
				4DB75F0B1E0C2CBE00C37E7F /* LaunchScreen.storyboard */,
				4DB75F0E1E0C2CBE00C37E7F /* Info.plist */,
				4DB75F141E0C2CD500C37E7F /* VPNManager.swift */,
				4DC7B5231E0D0DDF00426BEC /* Observer.swift */,
				4DC7B5271E0D128D00426BEC /* ConnectionManager.swift */,
				4DC7B5291E0D139600426BEC /* Credentials.swift */,
			);
			path = SimpleVpn;
			sourceTree = "<group>";
		};
		4DC48B5E1E0E575100A9AEA4 /* Frameworks */ = {
			isa = PBXGroup;
			children = (
				4DC48B5F1E0E575100A9AEA4 /* NetworkExtension.framework */,
			);
			name = Frameworks;
			sourceTree = "<group>";
		};
/* End PBXGroup section */

/* Begin PBXNativeTarget section */
		4DB75EFE1E0C2CBE00C37E7F /* SimpleVpn */ = {
			isa = PBXNativeTarget;
			buildConfigurationList = 4DB75F111E0C2CBE00C37E7F /* Build configuration list for PBXNativeTarget "SimpleVpn" */;
			buildPhases = (
				4DB75EFB1E0C2CBE00C37E7F /* Sources */,
				4DB75EFC1E0C2CBE00C37E7F /* Frameworks */,
				4DB75EFD1E0C2CBE00C37E7F /* Resources */,
			);
			buildRules = (
			);
			dependencies = (
			);
			name = SimpleVpn;
			productName = SimpleVpn;
			productReference = 4DB75EFF1E0C2CBE00C37E7F /* SimpleVpn.app */;
			productType = "com.apple.product-type.application";
		};
/* End PBXNativeTarget section */

/* Begin PBXProject section */
		4DB75EF71E0C2CBE00C37E7F /* Project object */ = {
			isa = PBXProject;
			attributes = {
				LastSwiftUpdateCheck = 0820;
				LastUpgradeCheck = 0820;
				ORGANIZATIONNAME = "Dmitry Gordin";
				TargetAttributes = {
					4DB75EFE1E0C2CBE00C37E7F = {
						CreatedOnToolsVersion = 8.2.1;
						DevelopmentTeam = AFTBRP3P6S;
						ProvisioningStyle = Automatic;
						SystemCapabilities = {
							com.apple.VPNLite = {
								enabled = 1;
							};
						};
					};
				};
			};
			buildConfigurationList = 4DB75EFA1E0C2CBE00C37E7F /* Build configuration list for PBXProject "SimpleVpn" */;
			compatibilityVersion = "Xcode 3.2";
			developmentRegion = English;
			hasScannedForEncodings = 0;
			knownRegions = (
				en,
				Base,
			);
			mainGroup = 4DB75EF61E0C2CBE00C37E7F;
			productRefGroup = 4DB75F001E0C2CBE00C37E7F /* Products */;
			projectDirPath = "";
			projectRoot = "";
			targets = (
				4DB75EFE1E0C2CBE00C37E7F /* SimpleVpn */,
			);
		};
/* End PBXProject section */

/* Begin PBXResourcesBuildPhase section */
		4DB75EFD1E0C2CBE00C37E7F /* Resources */ = {
			isa = PBXResourcesBuildPhase;
			buildActionMask = 2147483647;
			files = (
				4DB75F0D1E0C2CBE00C37E7F /* LaunchScreen.storyboard in Resources */,
				4DB75F0A1E0C2CBE00C37E7F /* Assets.xcassets in Resources */,
				4DB75F081E0C2CBE00C37E7F /* Main.storyboard in Resources */,
			);
			runOnlyForDeploymentPostprocessing = 0;
		};
/* End PBXResourcesBuildPhase section */

/* Begin PBXSourcesBuildPhase section */
		4DB75EFB1E0C2CBE00C37E7F /* Sources */ = {
			isa = PBXSourcesBuildPhase;
			buildActionMask = 2147483647;
			files = (
				4DB75F051E0C2CBE00C37E7F /* ViewController.swift in Sources */,
				4DC7B5281E0D128D00426BEC /* ConnectionManager.swift in Sources */,
				4DC7B5241E0D0DDF00426BEC /* Observer.swift in Sources */,
				4DC7B52A1E0D139600426BEC /* Credentials.swift in Sources */,
				4DC7B52C1E0D1A6500426BEC /* CustomButton.swift in Sources */,
				4DB75F151E0C2CD500C37E7F /* VPNManager.swift in Sources */,
				4DB75F031E0C2CBE00C37E7F /* AppDelegate.swift in Sources */,
				4DC7B5261E0D119300426BEC /* KeychainWrapper.swift in Sources */,
			);
			runOnlyForDeploymentPostprocessing = 0;
		};
/* End PBXSourcesBuildPhase section */

/* Begin PBXVariantGroup section */
		4DB75F061E0C2CBE00C37E7F /* Main.storyboard */ = {
			isa = PBXVariantGroup;
			children = (
				4DB75F071E0C2CBE00C37E7F /* Base */,
			);
			name = Main.storyboard;
			sourceTree = "<group>";
		};
		4DB75F0B1E0C2CBE00C37E7F /* LaunchScreen.storyboard */ = {
			isa = PBXVariantGroup;
			children = (
				4DB75F0C1E0C2CBE00C37E7F /* Base */,
			);
			name = LaunchScreen.storyboard;
			sourceTree = "<group>";
		};
/* End PBXVariantGroup section */

/* Begin XCBuildConfiguration section */
		4DB75F0F1E0C2CBE00C37E7F /* Debug */ = {
			isa = XCBuildConfiguration;
			buildSettings = {
				ALWAYS_SEARCH_USER_PATHS = NO;
				CLANG_ANALYZER_NONNULL = YES;
				CLANG_CXX_LANGUAGE_STANDARD = "gnu++0x";
				CLANG_CXX_LIBRARY = "libc++";
				CLANG_ENABLE_MODULES = YES;
				CLANG_ENABLE_OBJC_ARC = YES;
				CLANG_WARN_BOOL_CONVERSION = YES;
				CLANG_WARN_CONSTANT_CONVERSION = YES;
				CLANG_WARN_DIRECT_OBJC_ISA_USAGE = YES_ERROR;
				CLANG_WARN_DOCUMENTATION_COMMENTS = YES;
				CLANG_WARN_EMPTY_BODY = YES;
				CLANG_WARN_ENUM_CONVERSION = YES;
				CLANG_WARN_INFINITE_RECURSION = YES;
				CLANG_WARN_INT_CONVERSION = YES;
				CLANG_WARN_OBJC_ROOT_CLASS = YES_ERROR;
				CLANG_WARN_SUSPICIOUS_MOVE = YES;
				CLANG_WARN_UNREACHABLE_CODE = YES;
				CLANG_WARN__DUPLICATE_METHOD_MATCH = YES;
				"CODE_SIGN_IDENTITY[sdk=iphoneos*]" = "iPhone Developer";
				COPY_PHASE_STRIP = NO;
				DEBUG_INFORMATION_FORMAT = dwarf;
				ENABLE_STRICT_OBJC_MSGSEND = YES;
				ENABLE_TESTABILITY = YES;
				GCC_C_LANGUAGE_STANDARD = gnu99;
				GCC_DYNAMIC_NO_PIC = NO;
				GCC_NO_COMMON_BLOCKS = YES;
				GCC_OPTIMIZATION_LEVEL = 0;
				GCC_PREPROCESSOR_DEFINITIONS = (
					"DEBUG=1",
					"$(inherited)",
				);
				GCC_WARN_64_TO_32_BIT_CONVERSION = YES;
				GCC_WARN_ABOUT_RETURN_TYPE = YES_ERROR;
				GCC_WARN_UNDECLARED_SELECTOR = YES;
				GCC_WARN_UNINITIALIZED_AUTOS = YES_AGGRESSIVE;
				GCC_WARN_UNUSED_FUNCTION = YES;
				GCC_WARN_UNUSED_VARIABLE = YES;
				IPHONEOS_DEPLOYMENT_TARGET = 10.2;
				MTL_ENABLE_DEBUG_INFO = YES;
				ONLY_ACTIVE_ARCH = YES;
				SDKROOT = iphoneos;
				SWIFT_ACTIVE_COMPILATION_CONDITIONS = DEBUG;
				SWIFT_OPTIMIZATION_LEVEL = "-Onone";
				TARGETED_DEVICE_FAMILY = "1,2";
			};
			name = Debug;
		};
		4DB75F101E0C2CBE00C37E7F /* Release */ = {
			isa = XCBuildConfiguration;
			buildSettings = {
				ALWAYS_SEARCH_USER_PATHS = NO;
				CLANG_ANALYZER_NONNULL = YES;
				CLANG_CXX_LANGUAGE_STANDARD = "gnu++0x";
				CLANG_CXX_LIBRARY = "libc++";
				CLANG_ENABLE_MODULES = YES;
				CLANG_ENABLE_OBJC_ARC = YES;
				CLANG_WARN_BOOL_CONVERSION = YES;
				CLANG_WARN_CONSTANT_CONVERSION = YES;
				CLANG_WARN_DIRECT_OBJC_ISA_USAGE = YES_ERROR;
				CLANG_WARN_DOCUMENTATION_COMMENTS = YES;
				CLANG_WARN_EMPTY_BODY = YES;
				CLANG_WARN_ENUM_CONVERSION = YES;
				CLANG_WARN_INFINITE_RECURSION = YES;
				CLANG_WARN_INT_CONVERSION = YES;
				CLANG_WARN_OBJC_ROOT_CLASS = YES_ERROR;
				CLANG_WARN_SUSPICIOUS_MOVE = YES;
				CLANG_WARN_UNREACHABLE_CODE = YES;
				CLANG_WARN__DUPLICATE_METHOD_MATCH = YES;
				"CODE_SIGN_IDENTITY[sdk=iphoneos*]" = "iPhone Developer";
				COPY_PHASE_STRIP = NO;
				DEBUG_INFORMATION_FORMAT = "dwarf-with-dsym";
				ENABLE_NS_ASSERTIONS = NO;
				ENABLE_STRICT_OBJC_MSGSEND = YES;
				GCC_C_LANGUAGE_STANDARD = gnu99;
				GCC_NO_COMMON_BLOCKS = YES;
				GCC_WARN_64_TO_32_BIT_CONVERSION = YES;
				GCC_WARN_ABOUT_RETURN_TYPE = YES_ERROR;
				GCC_WARN_UNDECLARED_SELECTOR = YES;
				GCC_WARN_UNINITIALIZED_AUTOS = YES_AGGRESSIVE;
				GCC_WARN_UNUSED_FUNCTION = YES;
				GCC_WARN_UNUSED_VARIABLE = YES;
				IPHONEOS_DEPLOYMENT_TARGET = 10.2;
				MTL_ENABLE_DEBUG_INFO = NO;
				SDKROOT = iphoneos;
				SWIFT_OPTIMIZATION_LEVEL = "-Owholemodule";
				TARGETED_DEVICE_FAMILY = "1,2";
				VALIDATE_PRODUCT = YES;
			};
			name = Release;
		};
		4DB75F121E0C2CBE00C37E7F /* Debug */ = {
			isa = XCBuildConfiguration;
			buildSettings = {
				ASSETCATALOG_COMPILER_APPICON_NAME = AppIcon;
				CODE_SIGN_ENTITLEMENTS = SimpleVpn/SimpleVpn.entitlements;
				DEVELOPMENT_TEAM = AFTBRP3P6S;
				INFOPLIST_FILE = SimpleVpn/Info.plist;
				LD_RUNPATH_SEARCH_PATHS = "$(inherited) @executable_path/Frameworks";
				PRODUCT_BUNDLE_IDENTIFIER = ru.gordinmitya.SimpleVpn;
				PRODUCT_NAME = "$(TARGET_NAME)";
				SWIFT_VERSION = 3.0;
			};
			name = Debug;
		};
		4DB75F131E0C2CBE00C37E7F /* Release */ = {
			isa = XCBuildConfiguration;
			buildSettings = {
				ASSETCATALOG_COMPILER_APPICON_NAME = AppIcon;
				CODE_SIGN_ENTITLEMENTS = SimpleVpn/SimpleVpn.entitlements;
				DEVELOPMENT_TEAM = AFTBRP3P6S;
				INFOPLIST_FILE = SimpleVpn/Info.plist;
				LD_RUNPATH_SEARCH_PATHS = "$(inherited) @executable_path/Frameworks";
				PRODUCT_BUNDLE_IDENTIFIER = ru.gordinmitya.SimpleVpn;
				PRODUCT_NAME = "$(TARGET_NAME)";
				SWIFT_VERSION = 3.0;
			};
			name = Release;
		};
/* End XCBuildConfiguration section */

/* Begin XCConfigurationList section */
		4DB75EFA1E0C2CBE00C37E7F /* Build configuration list for PBXProject "SimpleVpn" */ = {
			isa = XCConfigurationList;
			buildConfigurations = (
				4DB75F0F1E0C2CBE00C37E7F /* Debug */,
				4DB75F101E0C2CBE00C37E7F /* Release */,
			);
			defaultConfigurationIsVisible = 0;
			defaultConfigurationName = Release;
		};
		4DB75F111E0C2CBE00C37E7F /* Build configuration list for PBXNativeTarget "SimpleVpn" */ = {
			isa = XCConfigurationList;
			buildConfigurations = (
				4DB75F121E0C2CBE00C37E7F /* Debug */,
				4DB75F131E0C2CBE00C37E7F /* Release */,
			);
			defaultConfigurationIsVisible = 0;
			defaultConfigurationName = Release;
		};
/* End XCConfigurationList section */
	};
	rootObject = 4DB75EF71E0C2CBE00C37E7F /* Project object */;
}
